// !$*UTF8*$!
{
	archiveVersion = 1;
	classes = {
	};
	objectVersion = 55;
	objects = {

/* Begin PBXBuildFile section */
		01F99E062936891300B8C335 /* RecipeListViewController.swift in Sources */ = {isa = PBXBuildFile; fileRef = 01F99E052936891300B8C335 /* RecipeListViewController.swift */; };
		01F99E092936897500B8C335 /* RecipeNetworkManagerDelegate.swift in Sources */ = {isa = PBXBuildFile; fileRef = 01F99E082936897500B8C335 /* RecipeNetworkManagerDelegate.swift */; };
		01F99E0C293689CB00B8C335 /* RecipeData.swift in Sources */ = {isa = PBXBuildFile; fileRef = 01F99E0B293689CB00B8C335 /* RecipeData.swift */; };
		01F99E0E293689E500B8C335 /* ApiKey.swift in Sources */ = {isa = PBXBuildFile; fileRef = 01F99E0D293689E500B8C335 /* ApiKey.swift */; };
		5875CED32936148F00983465 /* HomePage.swift in Sources */ = {isa = PBXBuildFile; fileRef = 5875CED12936148F00983465 /* HomePage.swift */; };
		58A4EE1D29364B5D00FE17B9 /* PopularRecipesCollectionView.swift in Sources */ = {isa = PBXBuildFile; fileRef = 58A4EE1C29364B5D00FE17B9 /* PopularRecipesCollectionView.swift */; };
		58A4EE1F29364FD100FE17B9 /* PopularRecipesCell.swift in Sources */ = {isa = PBXBuildFile; fileRef = 58A4EE1E29364FD100FE17B9 /* PopularRecipesCell.swift */; };
		58A4EE23293666F100FE17B9 /* SavedRecipesCollectionView.swift in Sources */ = {isa = PBXBuildFile; fileRef = 58A4EE22293666F100FE17B9 /* SavedRecipesCollectionView.swift */; };
		58A4EE252936676A00FE17B9 /* SavedRecipesCell.swift in Sources */ = {isa = PBXBuildFile; fileRef = 58A4EE242936676A00FE17B9 /* SavedRecipesCell.swift */; };
		58CD82ED2936355E00B9777C /* Poppins-SemiBold.ttf in Resources */ = {isa = PBXBuildFile; fileRef = 58CD82EC2936355E00B9777C /* Poppins-SemiBold.ttf */; };
		58CD82EF293635F100B9777C /* Poppins-Regular.ttf in Resources */ = {isa = PBXBuildFile; fileRef = 58CD82EE293635F100B9777C /* Poppins-Regular.ttf */; };
		58DA3E2729350C8900AB3EFF /* AppDelegate.swift in Sources */ = {isa = PBXBuildFile; fileRef = 58DA3E2629350C8900AB3EFF /* AppDelegate.swift */; };
		58DA3E2929350C8900AB3EFF /* SceneDelegate.swift in Sources */ = {isa = PBXBuildFile; fileRef = 58DA3E2829350C8900AB3EFF /* SceneDelegate.swift */; };
		58DA3E3029350C8B00AB3EFF /* Assets.xcassets in Resources */ = {isa = PBXBuildFile; fileRef = 58DA3E2F29350C8B00AB3EFF /* Assets.xcassets */; };
		58DA3E3329350C8B00AB3EFF /* LaunchScreen.storyboard in Resources */ = {isa = PBXBuildFile; fileRef = 58DA3E3129350C8B00AB3EFF /* LaunchScreen.storyboard */; };
		869C6E33293A706B0047A408 /* RecipeDetail.swift in Sources */ = {isa = PBXBuildFile; fileRef = 869C6E32293A706B0047A408 /* RecipeDetail.swift */; };
		869C6E35293CD0230047A408 /* RecipeDetailCell.swift in Sources */ = {isa = PBXBuildFile; fileRef = 869C6E34293CD0230047A408 /* RecipeDetailCell.swift */; };
		AAB09CBB293A04F500DFFF34 /* MealTypesData.swift in Sources */ = {isa = PBXBuildFile; fileRef = AAB09CBA293A04F500DFFF34 /* MealTypesData.swift */; };
		AAB09CBD293A090F00DFFF34 /* MealTypesVC.swift in Sources */ = {isa = PBXBuildFile; fileRef = AAB09CBC293A090F00DFFF34 /* MealTypesVC.swift */; };
		AAB09CC0293A096000DFFF34 /* MealTypesCollectionView.swift in Sources */ = {isa = PBXBuildFile; fileRef = AAB09CBF293A096000DFFF34 /* MealTypesCollectionView.swift */; };
		AAB09CC2293A098600DFFF34 /* MealTypeCell.swift in Sources */ = {isa = PBXBuildFile; fileRef = AAB09CC1293A098600DFFF34 /* MealTypeCell.swift */; };
/* End PBXBuildFile section */

/* Begin PBXFileReference section */
		01F99E052936891300B8C335 /* RecipeListViewController.swift */ = {isa = PBXFileReference; lastKnownFileType = sourcecode.swift; path = RecipeListViewController.swift; sourceTree = "<group>"; };
		01F99E082936897500B8C335 /* RecipeNetworkManagerDelegate.swift */ = {isa = PBXFileReference; lastKnownFileType = sourcecode.swift; path = RecipeNetworkManagerDelegate.swift; sourceTree = "<group>"; };
		01F99E0B293689CB00B8C335 /* RecipeData.swift */ = {isa = PBXFileReference; lastKnownFileType = sourcecode.swift; path = RecipeData.swift; sourceTree = "<group>"; };
		01F99E0D293689E500B8C335 /* ApiKey.swift */ = {isa = PBXFileReference; lastKnownFileType = sourcecode.swift; path = ApiKey.swift; sourceTree = "<group>"; };
		5875CED12936148F00983465 /* HomePage.swift */ = {isa = PBXFileReference; lastKnownFileType = sourcecode.swift; path = HomePage.swift; sourceTree = "<group>"; };
		58A4EE1C29364B5D00FE17B9 /* PopularRecipesCollectionView.swift */ = {isa = PBXFileReference; lastKnownFileType = sourcecode.swift; path = PopularRecipesCollectionView.swift; sourceTree = "<group>"; };
		58A4EE1E29364FD100FE17B9 /* PopularRecipesCell.swift */ = {isa = PBXFileReference; lastKnownFileType = sourcecode.swift; path = PopularRecipesCell.swift; sourceTree = "<group>"; };
		58A4EE22293666F100FE17B9 /* SavedRecipesCollectionView.swift */ = {isa = PBXFileReference; lastKnownFileType = sourcecode.swift; path = SavedRecipesCollectionView.swift; sourceTree = "<group>"; };
		58A4EE242936676A00FE17B9 /* SavedRecipesCell.swift */ = {isa = PBXFileReference; lastKnownFileType = sourcecode.swift; path = SavedRecipesCell.swift; sourceTree = "<group>"; };
		58CD82EC2936355E00B9777C /* Poppins-SemiBold.ttf */ = {isa = PBXFileReference; lastKnownFileType = file; path = "Poppins-SemiBold.ttf"; sourceTree = "<group>"; };
		58CD82EE293635F100B9777C /* Poppins-Regular.ttf */ = {isa = PBXFileReference; lastKnownFileType = file; path = "Poppins-Regular.ttf"; sourceTree = "<group>"; };
		58DA3E2329350C8900AB3EFF /* CookBook.app */ = {isa = PBXFileReference; explicitFileType = wrapper.application; includeInIndex = 0; path = CookBook.app; sourceTree = BUILT_PRODUCTS_DIR; };
		58DA3E2629350C8900AB3EFF /* AppDelegate.swift */ = {isa = PBXFileReference; lastKnownFileType = sourcecode.swift; path = AppDelegate.swift; sourceTree = "<group>"; };
		58DA3E2829350C8900AB3EFF /* SceneDelegate.swift */ = {isa = PBXFileReference; lastKnownFileType = sourcecode.swift; path = SceneDelegate.swift; sourceTree = "<group>"; };
		58DA3E2F29350C8B00AB3EFF /* Assets.xcassets */ = {isa = PBXFileReference; lastKnownFileType = folder.assetcatalog; path = Assets.xcassets; sourceTree = "<group>"; };
		58DA3E3229350C8B00AB3EFF /* Base */ = {isa = PBXFileReference; lastKnownFileType = file.storyboard; name = Base; path = Base.lproj/LaunchScreen.storyboard; sourceTree = "<group>"; };
		58DA3E3429350C8B00AB3EFF /* Info.plist */ = {isa = PBXFileReference; lastKnownFileType = text.plist.xml; path = Info.plist; sourceTree = "<group>"; };
		869C6E32293A706B0047A408 /* RecipeDetail.swift */ = {isa = PBXFileReference; fileEncoding = 4; lastKnownFileType = sourcecode.swift; path = RecipeDetail.swift; sourceTree = "<group>"; };
		869C6E34293CD0230047A408 /* RecipeDetailCell.swift */ = {isa = PBXFileReference; lastKnownFileType = sourcecode.swift; path = RecipeDetailCell.swift; sourceTree = "<group>"; };
		AAB09CBA293A04F500DFFF34 /* MealTypesData.swift */ = {isa = PBXFileReference; lastKnownFileType = sourcecode.swift; path = MealTypesData.swift; sourceTree = "<group>"; };
		AAB09CBC293A090F00DFFF34 /* MealTypesVC.swift */ = {isa = PBXFileReference; lastKnownFileType = sourcecode.swift; path = MealTypesVC.swift; sourceTree = "<group>"; };
		AAB09CBF293A096000DFFF34 /* MealTypesCollectionView.swift */ = {isa = PBXFileReference; lastKnownFileType = sourcecode.swift; path = MealTypesCollectionView.swift; sourceTree = "<group>"; };
		AAB09CC1293A098600DFFF34 /* MealTypeCell.swift */ = {isa = PBXFileReference; lastKnownFileType = sourcecode.swift; path = MealTypeCell.swift; sourceTree = "<group>"; };
/* End PBXFileReference section */

/* Begin PBXFrameworksBuildPhase section */
		58DA3E2029350C8900AB3EFF /* Frameworks */ = {
			isa = PBXFrameworksBuildPhase;
			buildActionMask = 2147483647;
			files = (
			);
			runOnlyForDeploymentPostprocessing = 0;
		};
/* End PBXFrameworksBuildPhase section */

/* Begin PBXGroup section */
		01F99E072936892000B8C335 /* View */ = {
			isa = PBXGroup;
			children = (
				869C6E32293A706B0047A408 /* RecipeDetail.swift */,
				01F99E052936891300B8C335 /* RecipeListViewController.swift */,
				869C6E34293CD0230047A408 /* RecipeDetailCell.swift */,
			);
			path = View;
			sourceTree = "<group>";
		};
		01F99E0A2936898C00B8C335 /* NetworkModel */ = {
			isa = PBXGroup;
			children = (
				01F99E082936897500B8C335 /* RecipeNetworkManagerDelegate.swift */,
				01F99E0B293689CB00B8C335 /* RecipeData.swift */,
				01F99E0D293689E500B8C335 /* ApiKey.swift */,
			);
			path = NetworkModel;
			sourceTree = "<group>";
		};
		5875CED52936149D00983465 /* HomePage */ = {
			isa = PBXGroup;
			children = (
				58A4EE212936668B00FE17B9 /* SavedRecipes */,
				58A4EE202936610300FE17B9 /* PopularRecipes */,
				5875CED12936148F00983465 /* HomePage.swift */,
			);
			path = HomePage;
			sourceTree = "<group>";
		};
		58A4EE202936610300FE17B9 /* PopularRecipes */ = {
			isa = PBXGroup;
			children = (
				58A4EE1C29364B5D00FE17B9 /* PopularRecipesCollectionView.swift */,
				58A4EE1E29364FD100FE17B9 /* PopularRecipesCell.swift */,
			);
			path = PopularRecipes;
			sourceTree = "<group>";
		};
		58A4EE212936668B00FE17B9 /* SavedRecipes */ = {
			isa = PBXGroup;
			children = (
				58A4EE22293666F100FE17B9 /* SavedRecipesCollectionView.swift */,
				58A4EE242936676A00FE17B9 /* SavedRecipesCell.swift */,
			);
			path = SavedRecipes;
			sourceTree = "<group>";
		};
		58CD82EB2936354700B9777C /* Fonts */ = {
			isa = PBXGroup;
			children = (
				58CD82EC2936355E00B9777C /* Poppins-SemiBold.ttf */,
				58CD82EE293635F100B9777C /* Poppins-Regular.ttf */,
			);
			path = Fonts;
			sourceTree = "<group>";
		};
		58DA3E1A29350C8800AB3EFF = {
			isa = PBXGroup;
			children = (
				58DA3E2529350C8900AB3EFF /* CookBook */,
				58DA3E2429350C8900AB3EFF /* Products */,
			);
			sourceTree = "<group>";
		};
		58DA3E2429350C8900AB3EFF /* Products */ = {
			isa = PBXGroup;
			children = (
				58DA3E2329350C8900AB3EFF /* CookBook.app */,
			);
			name = Products;
			sourceTree = "<group>";
		};
		58DA3E2529350C8900AB3EFF /* CookBook */ = {
			isa = PBXGroup;
			children = (
				AAB09CB8293A04DA00DFFF34 /* MealTypes */,
				01F99E0A2936898C00B8C335 /* NetworkModel */,
				01F99E072936892000B8C335 /* View */,
				58DA3E3129350C8B00AB3EFF /* LaunchScreen.storyboard */,
				58DA3E2629350C8900AB3EFF /* AppDelegate.swift */,
				58DA3E2829350C8900AB3EFF /* SceneDelegate.swift */,
				5875CED52936149D00983465 /* HomePage */,
				58CD82EB2936354700B9777C /* Fonts */,
				58DA3E2F29350C8B00AB3EFF /* Assets.xcassets */,
				58DA3E3429350C8B00AB3EFF /* Info.plist */,
			);
			path = CookBook;
			sourceTree = "<group>";
		};
		AAB09CB8293A04DA00DFFF34 /* MealTypes */ = {
			isa = PBXGroup;
			children = (
				AAB09CBE293A093700DFFF34 /* MealTypesCollectionView */,
				AAB09CB9293A04E800DFFF34 /* Model */,
				AAB09CBC293A090F00DFFF34 /* MealTypesVC.swift */,
			);
			path = MealTypes;
			sourceTree = "<group>";
		};
		AAB09CB9293A04E800DFFF34 /* Model */ = {
			isa = PBXGroup;
			children = (
				AAB09CBA293A04F500DFFF34 /* MealTypesData.swift */,
			);
			path = Model;
			sourceTree = "<group>";
		};
		AAB09CBE293A093700DFFF34 /* MealTypesCollectionView */ = {
			isa = PBXGroup;
			children = (
				AAB09CBF293A096000DFFF34 /* MealTypesCollectionView.swift */,
				AAB09CC1293A098600DFFF34 /* MealTypeCell.swift */,
			);
			path = MealTypesCollectionView;
			sourceTree = "<group>";
		};
/* End PBXGroup section */

/* Begin PBXNativeTarget section */
		58DA3E2229350C8900AB3EFF /* CookBook */ = {
			isa = PBXNativeTarget;
			buildConfigurationList = 58DA3E3729350C8B00AB3EFF /* Build configuration list for PBXNativeTarget "CookBook" */;
			buildPhases = (
				58DA3E1F29350C8900AB3EFF /* Sources */,
				58DA3E2029350C8900AB3EFF /* Frameworks */,
				58DA3E2129350C8900AB3EFF /* Resources */,
			);
			buildRules = (
			);
			dependencies = (
			);
			name = CookBook;
			productName = CookBook;
			productReference = 58DA3E2329350C8900AB3EFF /* CookBook.app */;
			productType = "com.apple.product-type.application";
		};
/* End PBXNativeTarget section */

/* Begin PBXProject section */
		58DA3E1B29350C8800AB3EFF /* Project object */ = {
			isa = PBXProject;
			attributes = {
				BuildIndependentTargetsInParallel = 1;
				LastSwiftUpdateCheck = 1410;
				LastUpgradeCheck = 1410;
				TargetAttributes = {
					58DA3E2229350C8900AB3EFF = {
						CreatedOnToolsVersion = 14.1;
					};
				};
			};
			buildConfigurationList = 58DA3E1E29350C8800AB3EFF /* Build configuration list for PBXProject "CookBook" */;
			compatibilityVersion = "Xcode 13.0";
			developmentRegion = en;
			hasScannedForEncodings = 0;
			knownRegions = (
				en,
				Base,
			);
			mainGroup = 58DA3E1A29350C8800AB3EFF;
			productRefGroup = 58DA3E2429350C8900AB3EFF /* Products */;
			projectDirPath = "";
			projectRoot = "";
			targets = (
				58DA3E2229350C8900AB3EFF /* CookBook */,
			);
		};
/* End PBXProject section */

/* Begin PBXResourcesBuildPhase section */
		58DA3E2129350C8900AB3EFF /* Resources */ = {
			isa = PBXResourcesBuildPhase;
			buildActionMask = 2147483647;
			files = (
				58DA3E3329350C8B00AB3EFF /* LaunchScreen.storyboard in Resources */,
				58CD82EF293635F100B9777C /* Poppins-Regular.ttf in Resources */,
				58DA3E3029350C8B00AB3EFF /* Assets.xcassets in Resources */,
				58CD82ED2936355E00B9777C /* Poppins-SemiBold.ttf in Resources */,
			);
			runOnlyForDeploymentPostprocessing = 0;
		};
/* End PBXResourcesBuildPhase section */

/* Begin PBXSourcesBuildPhase section */
		58DA3E1F29350C8900AB3EFF /* Sources */ = {
			isa = PBXSourcesBuildPhase;
			buildActionMask = 2147483647;
			files = (
				58A4EE23293666F100FE17B9 /* SavedRecipesCollectionView.swift in Sources */,
				AAB09CBB293A04F500DFFF34 /* MealTypesData.swift in Sources */,
				58A4EE1D29364B5D00FE17B9 /* PopularRecipesCollectionView.swift in Sources */,
				AAB09CBD293A090F00DFFF34 /* MealTypesVC.swift in Sources */,
				58A4EE1F29364FD100FE17B9 /* PopularRecipesCell.swift in Sources */,
				58DA3E2729350C8900AB3EFF /* AppDelegate.swift in Sources */,
				01F99E0E293689E500B8C335 /* ApiKey.swift in Sources */,
				01F99E062936891300B8C335 /* RecipeListViewController.swift in Sources */,
				869C6E33293A706B0047A408 /* RecipeDetail.swift in Sources */,
				AAB09CC2293A098600DFFF34 /* MealTypeCell.swift in Sources */,
				869C6E35293CD0230047A408 /* RecipeDetailCell.swift in Sources */,
				58DA3E2929350C8900AB3EFF /* SceneDelegate.swift in Sources */,
				01F99E092936897500B8C335 /* RecipeNetworkManagerDelegate.swift in Sources */,
				01F99E0C293689CB00B8C335 /* RecipeData.swift in Sources */,
				5875CED32936148F00983465 /* HomePage.swift in Sources */,
				58A4EE252936676A00FE17B9 /* SavedRecipesCell.swift in Sources */,
				AAB09CC0293A096000DFFF34 /* MealTypesCollectionView.swift in Sources */,
			);
			runOnlyForDeploymentPostprocessing = 0;
		};
/* End PBXSourcesBuildPhase section */

/* Begin PBXVariantGroup section */
		58DA3E3129350C8B00AB3EFF /* LaunchScreen.storyboard */ = {
			isa = PBXVariantGroup;
			children = (
				58DA3E3229350C8B00AB3EFF /* Base */,
			);
			name = LaunchScreen.storyboard;
			sourceTree = "<group>";
		};
/* End PBXVariantGroup section */

/* Begin XCBuildConfiguration section */
		58DA3E3529350C8B00AB3EFF /* Debug */ = {
			isa = XCBuildConfiguration;
			buildSettings = {
				ALWAYS_SEARCH_USER_PATHS = NO;
				CLANG_ANALYZER_NONNULL = YES;
				CLANG_ANALYZER_NUMBER_OBJECT_CONVERSION = YES_AGGRESSIVE;
				CLANG_CXX_LANGUAGE_STANDARD = "gnu++20";
				CLANG_ENABLE_MODULES = YES;
				CLANG_ENABLE_OBJC_ARC = YES;
				CLANG_ENABLE_OBJC_WEAK = YES;
				CLANG_WARN_BLOCK_CAPTURE_AUTORELEASING = YES;
				CLANG_WARN_BOOL_CONVERSION = YES;
				CLANG_WARN_COMMA = YES;
				CLANG_WARN_CONSTANT_CONVERSION = YES;
				CLANG_WARN_DEPRECATED_OBJC_IMPLEMENTATIONS = YES;
				CLANG_WARN_DIRECT_OBJC_ISA_USAGE = YES_ERROR;
				CLANG_WARN_DOCUMENTATION_COMMENTS = YES;
				CLANG_WARN_EMPTY_BODY = YES;
				CLANG_WARN_ENUM_CONVERSION = YES;
				CLANG_WARN_INFINITE_RECURSION = YES;
				CLANG_WARN_INT_CONVERSION = YES;
				CLANG_WARN_NON_LITERAL_NULL_CONVERSION = YES;
				CLANG_WARN_OBJC_IMPLICIT_RETAIN_SELF = YES;
				CLANG_WARN_OBJC_LITERAL_CONVERSION = YES;
				CLANG_WARN_OBJC_ROOT_CLASS = YES_ERROR;
				CLANG_WARN_QUOTED_INCLUDE_IN_FRAMEWORK_HEADER = YES;
				CLANG_WARN_RANGE_LOOP_ANALYSIS = YES;
				CLANG_WARN_STRICT_PROTOTYPES = YES;
				CLANG_WARN_SUSPICIOUS_MOVE = YES;
				CLANG_WARN_UNGUARDED_AVAILABILITY = YES_AGGRESSIVE;
				CLANG_WARN_UNREACHABLE_CODE = YES;
				CLANG_WARN__DUPLICATE_METHOD_MATCH = YES;
				COPY_PHASE_STRIP = NO;
				DEBUG_INFORMATION_FORMAT = dwarf;
				ENABLE_STRICT_OBJC_MSGSEND = YES;
				ENABLE_TESTABILITY = YES;
				GCC_C_LANGUAGE_STANDARD = gnu11;
				GCC_DYNAMIC_NO_PIC = NO;
				GCC_NO_COMMON_BLOCKS = YES;
				GCC_OPTIMIZATION_LEVEL = 0;
				GCC_PREPROCESSOR_DEFINITIONS = (
					"DEBUG=1",
					"$(inherited)",
				);
				GCC_WARN_64_TO_32_BIT_CONVERSION = YES;
				GCC_WARN_ABOUT_RETURN_TYPE = YES_ERROR;
				GCC_WARN_UNDECLARED_SELECTOR = YES;
				GCC_WARN_UNINITIALIZED_AUTOS = YES_AGGRESSIVE;
				GCC_WARN_UNUSED_FUNCTION = YES;
				GCC_WARN_UNUSED_VARIABLE = YES;
				IPHONEOS_DEPLOYMENT_TARGET = 15.5;
				MTL_ENABLE_DEBUG_INFO = INCLUDE_SOURCE;
				MTL_FAST_MATH = YES;
				ONLY_ACTIVE_ARCH = YES;
				SDKROOT = iphoneos;
				SWIFT_ACTIVE_COMPILATION_CONDITIONS = DEBUG;
				SWIFT_OPTIMIZATION_LEVEL = "-Onone";
			};
			name = Debug;
		};
		58DA3E3629350C8B00AB3EFF /* Release */ = {
			isa = XCBuildConfiguration;
			buildSettings = {
				ALWAYS_SEARCH_USER_PATHS = NO;
				CLANG_ANALYZER_NONNULL = YES;
				CLANG_ANALYZER_NUMBER_OBJECT_CONVERSION = YES_AGGRESSIVE;
				CLANG_CXX_LANGUAGE_STANDARD = "gnu++20";
				CLANG_ENABLE_MODULES = YES;
				CLANG_ENABLE_OBJC_ARC = YES;
				CLANG_ENABLE_OBJC_WEAK = YES;
				CLANG_WARN_BLOCK_CAPTURE_AUTORELEASING = YES;
				CLANG_WARN_BOOL_CONVERSION = YES;
				CLANG_WARN_COMMA = YES;
				CLANG_WARN_CONSTANT_CONVERSION = YES;
				CLANG_WARN_DEPRECATED_OBJC_IMPLEMENTATIONS = YES;
				CLANG_WARN_DIRECT_OBJC_ISA_USAGE = YES_ERROR;
				CLANG_WARN_DOCUMENTATION_COMMENTS = YES;
				CLANG_WARN_EMPTY_BODY = YES;
				CLANG_WARN_ENUM_CONVERSION = YES;
				CLANG_WARN_INFINITE_RECURSION = YES;
				CLANG_WARN_INT_CONVERSION = YES;
				CLANG_WARN_NON_LITERAL_NULL_CONVERSION = YES;
				CLANG_WARN_OBJC_IMPLICIT_RETAIN_SELF = YES;
				CLANG_WARN_OBJC_LITERAL_CONVERSION = YES;
				CLANG_WARN_OBJC_ROOT_CLASS = YES_ERROR;
				CLANG_WARN_QUOTED_INCLUDE_IN_FRAMEWORK_HEADER = YES;
				CLANG_WARN_RANGE_LOOP_ANALYSIS = YES;
				CLANG_WARN_STRICT_PROTOTYPES = YES;
				CLANG_WARN_SUSPICIOUS_MOVE = YES;
				CLANG_WARN_UNGUARDED_AVAILABILITY = YES_AGGRESSIVE;
				CLANG_WARN_UNREACHABLE_CODE = YES;
				CLANG_WARN__DUPLICATE_METHOD_MATCH = YES;
				COPY_PHASE_STRIP = NO;
				DEBUG_INFORMATION_FORMAT = "dwarf-with-dsym";
				ENABLE_NS_ASSERTIONS = NO;
				ENABLE_STRICT_OBJC_MSGSEND = YES;
				GCC_C_LANGUAGE_STANDARD = gnu11;
				GCC_NO_COMMON_BLOCKS = YES;
				GCC_WARN_64_TO_32_BIT_CONVERSION = YES;
				GCC_WARN_ABOUT_RETURN_TYPE = YES_ERROR;
				GCC_WARN_UNDECLARED_SELECTOR = YES;
				GCC_WARN_UNINITIALIZED_AUTOS = YES_AGGRESSIVE;
				GCC_WARN_UNUSED_FUNCTION = YES;
				GCC_WARN_UNUSED_VARIABLE = YES;
				IPHONEOS_DEPLOYMENT_TARGET = 15.5;
				MTL_ENABLE_DEBUG_INFO = NO;
				MTL_FAST_MATH = YES;
				SDKROOT = iphoneos;
				SWIFT_COMPILATION_MODE = wholemodule;
				SWIFT_OPTIMIZATION_LEVEL = "-O";
				VALIDATE_PRODUCT = YES;
			};
			name = Release;
		};
		58DA3E3829350C8B00AB3EFF /* Debug */ = {
			isa = XCBuildConfiguration;
			buildSettings = {
				ASSETCATALOG_COMPILER_APPICON_NAME = AppIcon;
				ASSETCATALOG_COMPILER_GLOBAL_ACCENT_COLOR_NAME = AccentColor;
				CODE_SIGN_STYLE = Automatic;
				CURRENT_PROJECT_VERSION = 1;
				DEVELOPMENT_TEAM = 3N225TZ4SD;
				GENERATE_INFOPLIST_FILE = YES;
				INFOPLIST_FILE = CookBook/Info.plist;
				INFOPLIST_KEY_UIApplicationSupportsIndirectInputEvents = YES;
				INFOPLIST_KEY_UILaunchStoryboardName = LaunchScreen;
				INFOPLIST_KEY_UISupportedInterfaceOrientations = UIInterfaceOrientationPortrait;
				LD_RUNPATH_SEARCH_PATHS = (
					"$(inherited)",
					"@executable_path/Frameworks",
				);
				MARKETING_VERSION = 1.0;
				PRODUCT_BUNDLE_IDENTIFIER = nega.CookBook;
				PRODUCT_NAME = "$(TARGET_NAME)";
				SWIFT_EMIT_LOC_STRINGS = YES;
				SWIFT_VERSION = 5.0;
				TARGETED_DEVICE_FAMILY = "1,2";
			};
			name = Debug;
		};
		58DA3E3929350C8B00AB3EFF /* Release */ = {
			isa = XCBuildConfiguration;
			buildSettings = {
				ASSETCATALOG_COMPILER_APPICON_NAME = AppIcon;
				ASSETCATALOG_COMPILER_GLOBAL_ACCENT_COLOR_NAME = AccentColor;
				CODE_SIGN_STYLE = Automatic;
				CURRENT_PROJECT_VERSION = 1;
				DEVELOPMENT_TEAM = 3N225TZ4SD;
				GENERATE_INFOPLIST_FILE = YES;
				INFOPLIST_FILE = CookBook/Info.plist;
				INFOPLIST_KEY_UIApplicationSupportsIndirectInputEvents = YES;
				INFOPLIST_KEY_UILaunchStoryboardName = LaunchScreen;
				INFOPLIST_KEY_UISupportedInterfaceOrientations = UIInterfaceOrientationPortrait;
				LD_RUNPATH_SEARCH_PATHS = (
					"$(inherited)",
					"@executable_path/Frameworks",
				);
				MARKETING_VERSION = 1.0;
				PRODUCT_BUNDLE_IDENTIFIER = nega.CookBook;
				PRODUCT_NAME = "$(TARGET_NAME)";
				SWIFT_EMIT_LOC_STRINGS = YES;
				SWIFT_VERSION = 5.0;
				TARGETED_DEVICE_FAMILY = "1,2";
			};
			name = Release;
		};
/* End XCBuildConfiguration section */

/* Begin XCConfigurationList section */
		58DA3E1E29350C8800AB3EFF /* Build configuration list for PBXProject "CookBook" */ = {
			isa = XCConfigurationList;
			buildConfigurations = (
				58DA3E3529350C8B00AB3EFF /* Debug */,
				58DA3E3629350C8B00AB3EFF /* Release */,
			);
			defaultConfigurationIsVisible = 0;
			defaultConfigurationName = Release;
		};
		58DA3E3729350C8B00AB3EFF /* Build configuration list for PBXNativeTarget "CookBook" */ = {
			isa = XCConfigurationList;
			buildConfigurations = (
				58DA3E3829350C8B00AB3EFF /* Debug */,
				58DA3E3929350C8B00AB3EFF /* Release */,
			);
			defaultConfigurationIsVisible = 0;
			defaultConfigurationName = Release;
		};
/* End XCConfigurationList section */
	};
	rootObject = 58DA3E1B29350C8800AB3EFF /* Project object */;
}
